
Microsoft Visual Studio Solution File, Format Version 12.00
# Visual Studio Version 16
VisualStudioVersion = 16.0.30907.101
MinimumVisualStudioVersion = 10.0.40219.1
Project("{FAE04EC0-301F-11D3-BF4B-00C04F79EFBC}") = "The Game of Life 2", "The Game of Life 2\The Game of Life 2.csproj", "{C1120AAD-0C95-4A98-8A8F-151D3E39B61F}"
EndProject
Global
	GlobalSection(SolutionConfigurationPlatforms) = preSolution
		Debug|Any CPU = Debug|Any CPU
		Release|Any CPU = Release|Any CPU
	EndGlobalSection
	GlobalSection(ProjectConfigurationPlatforms) = postSolution
		{C1120AAD-0C95-4A98-8A8F-151D3E39B61F}.Debug|Any CPU.ActiveCfg = Debug|Any CPU
		{C1120AAD-0C95-4A98-8A8F-151D3E39B61F}.Debug|Any CPU.Build.0 = Debug|Any CPU
		{C1120AAD-0C95-4A98-8A8F-151D3E39B61F}.Release|Any CPU.ActiveCfg = Release|Any CPU
		{C1120AAD-0C95-4A98-8A8F-151D3E39B61F}.Release|Any CPU.Build.0 = Release|Any CPU
	EndGlobalSection
	GlobalSection(SolutionProperties) = preSolution
		HideSolutionNode = FALSE
	EndGlobalSection
	GlobalSection(ExtensibilityGlobals) = postSolution
		SolutionGuid = {EE172DEA-5AD5-485C-BFCA-62F2473D9DA1}
	EndGlobalSection
EndGlobal
